
Microsoft Visual Studio Solution File, Format Version 12.00
# Visual Studio Version 16
VisualStudioVersion = 16.0.30717.126
MinimumVisualStudioVersion = 10.0.40219.1
Project("{FAE04EC0-301F-11D3-BF4B-00C04F79EFBC}") = "ForestryCallouts", "ForestryCallouts\ForestryCallouts.csproj", "{A10A8DC2-D2E0-4027-86FD-38F5BB3D1890}"
EndProject
Project("{FAE04EC0-301F-11D3-BF4B-00C04F79EFBC}") = "SAHighwayCallouts", "SAHighwayCallouts\SAHighwayCallouts.csproj", "{0A2662F5-7AEF-4182-9FE2-7143AC00DFA1}"
EndProject
Global
	GlobalSection(SolutionConfigurationPlatforms) = preSolution
		Debug|Any CPU = Debug|Any CPU
		Debug|x64 = Debug|x64
		Release|Any CPU = Release|Any CPU
		Release|x64 = Release|x64
	EndGlobalSection
	GlobalSection(ProjectConfigurationPlatforms) = postSolution
		{A10A8DC2-D2E0-4027-86FD-38F5BB3D1890}.Debug|Any CPU.ActiveCfg = Debug|Any CPU
		{A10A8DC2-D2E0-4027-86FD-38F5BB3D1890}.Debug|Any CPU.Build.0 = Debug|Any CPU
		{A10A8DC2-D2E0-4027-86FD-38F5BB3D1890}.Debug|x64.ActiveCfg = Debug|x64
		{A10A8DC2-D2E0-4027-86FD-38F5BB3D1890}.Debug|x64.Build.0 = Debug|x64
		{A10A8DC2-D2E0-4027-86FD-38F5BB3D1890}.Release|Any CPU.ActiveCfg = Release|Any CPU
		{A10A8DC2-D2E0-4027-86FD-38F5BB3D1890}.Release|Any CPU.Build.0 = Release|Any CPU
		{A10A8DC2-D2E0-4027-86FD-38F5BB3D1890}.Release|x64.ActiveCfg = Release|x64
		{A10A8DC2-D2E0-4027-86FD-38F5BB3D1890}.Release|x64.Build.0 = Release|x64
		{0A2662F5-7AEF-4182-9FE2-7143AC00DFA1}.Debug|Any CPU.ActiveCfg = Debug|Any CPU
		{0A2662F5-7AEF-4182-9FE2-7143AC00DFA1}.Debug|Any CPU.Build.0 = Debug|Any CPU
		{0A2662F5-7AEF-4182-9FE2-7143AC00DFA1}.Debug|x64.ActiveCfg = Debug|Any CPU
		{0A2662F5-7AEF-4182-9FE2-7143AC00DFA1}.Debug|x64.Build.0 = Debug|Any CPU
		{0A2662F5-7AEF-4182-9FE2-7143AC00DFA1}.Release|Any CPU.ActiveCfg = Release|Any CPU
		{0A2662F5-7AEF-4182-9FE2-7143AC00DFA1}.Release|Any CPU.Build.0 = Release|Any CPU
		{0A2662F5-7AEF-4182-9FE2-7143AC00DFA1}.Release|x64.ActiveCfg = Release|Any CPU
		{0A2662F5-7AEF-4182-9FE2-7143AC00DFA1}.Release|x64.Build.0 = Release|Any CPU
	EndGlobalSection
	GlobalSection(SolutionProperties) = preSolution
		HideSolutionNode = FALSE
	EndGlobalSection
	GlobalSection(ExtensibilityGlobals) = postSolution
		SolutionGuid = {0DCC07FF-6710-44E9-9606-6815DF903CCB}
	EndGlobalSection
EndGlobal
